
Microsoft Visual Studio Solution File, Format Version 12.00
# Visual Studio Version 16
VisualStudioVersion = 16.0.32106.194
MinimumVisualStudioVersion = 10.0.40219.1
Project("{FAE04EC0-301F-11D3-BF4B-00C04F79EFBC}") = "Cv.WebUI", "Cv.WebUI\Cv.WebUI.csproj", "{E8333406-05FF-4961-9198-87982B415F9E}"
EndProject
Project("{FAE04EC0-301F-11D3-BF4B-00C04F79EFBC}") = "Cv.Domain", "Cv.Domain\Cv.Domain.csproj", "{C14797FE-7C0A-4F33-9B04-951974B5175E}"
EndProject
Global
	GlobalSection(SolutionConfigurationPlatforms) = preSolution
		Debug|Any CPU = Debug|Any CPU
		Release|Any CPU = Release|Any CPU
	EndGlobalSection
	GlobalSection(ProjectConfigurationPlatforms) = postSolution
		{E8333406-05FF-4961-9198-87982B415F9E}.Debug|Any CPU.ActiveCfg = Debug|Any CPU
		{E8333406-05FF-4961-9198-87982B415F9E}.Debug|Any CPU.Build.0 = Debug|Any CPU
		{E8333406-05FF-4961-9198-87982B415F9E}.Release|Any CPU.ActiveCfg = Release|Any CPU
		{E8333406-05FF-4961-9198-87982B415F9E}.Release|Any CPU.Build.0 = Release|Any CPU
		{C14797FE-7C0A-4F33-9B04-951974B5175E}.Debug|Any CPU.ActiveCfg = Debug|Any CPU
		{C14797FE-7C0A-4F33-9B04-951974B5175E}.Debug|Any CPU.Build.0 = Debug|Any CPU
		{C14797FE-7C0A-4F33-9B04-951974B5175E}.Release|Any CPU.ActiveCfg = Release|Any CPU
		{C14797FE-7C0A-4F33-9B04-951974B5175E}.Release|Any CPU.Build.0 = Release|Any CPU
	EndGlobalSection
	GlobalSection(SolutionProperties) = preSolution
		HideSolutionNode = FALSE
	EndGlobalSection
	GlobalSection(ExtensibilityGlobals) = postSolution
		SolutionGuid = {E8B275B4-2F7B-474C-ACAD-00F3E5D34EC0}
	EndGlobalSection
EndGlobal
